// !$*UTF8*$!
{
	archiveVersion = 1;
	classes = {
	};
	objectVersion = 56;
	objects = {

/* Begin PBXBuildFile section */
		A2416FC129C669980044F8D9 /* BookingsCollectionViewCell.swift in Sources */ = {isa = PBXBuildFile; fileRef = A2416FC029C669980044F8D9 /* BookingsCollectionViewCell.swift */; };
		A2416FC329C7C1D80044F8D9 /* RoomsDetailsManager.swift in Sources */ = {isa = PBXBuildFile; fileRef = A2416FC229C7C1D70044F8D9 /* RoomsDetailsManager.swift */; };
		A2416FC729C7C5DB0044F8D9 /* RoomDetails.swift in Sources */ = {isa = PBXBuildFile; fileRef = A2416FC629C7C5DB0044F8D9 /* RoomDetails.swift */; };
		A2416FC929C993170044F8D9 /* Reservation.swift in Sources */ = {isa = PBXBuildFile; fileRef = A2416FC829C993170044F8D9 /* Reservation.swift */; };
		A2416FCB29C9BD110044F8D9 /* Roomdetial2.swift in Sources */ = {isa = PBXBuildFile; fileRef = A2416FCA29C9BD110044F8D9 /* Roomdetial2.swift */; };
		FFE570B929BEFD10009DDB29 /* AppDelegate.swift in Sources */ = {isa = PBXBuildFile; fileRef = FFE570B829BEFD10009DDB29 /* AppDelegate.swift */; };
		FFE570BB29BEFD10009DDB29 /* SceneDelegate.swift in Sources */ = {isa = PBXBuildFile; fileRef = FFE570BA29BEFD10009DDB29 /* SceneDelegate.swift */; };
		FFE570BD29BEFD10009DDB29 /* ViewController.swift in Sources */ = {isa = PBXBuildFile; fileRef = FFE570BC29BEFD10009DDB29 /* ViewController.swift */; };
		FFE570C029BEFD10009DDB29 /* Main.storyboard in Resources */ = {isa = PBXBuildFile; fileRef = FFE570BE29BEFD10009DDB29 /* Main.storyboard */; };
		FFE570C229BEFD11009DDB29 /* Assets.xcassets in Resources */ = {isa = PBXBuildFile; fileRef = FFE570C129BEFD11009DDB29 /* Assets.xcassets */; };
		FFE570C529BEFD11009DDB29 /* LaunchScreen.storyboard in Resources */ = {isa = PBXBuildFile; fileRef = FFE570C329BEFD11009DDB29 /* LaunchScreen.storyboard */; };
/* End PBXBuildFile section */

/* Begin PBXFileReference section */
		A2416FC029C669980044F8D9 /* BookingsCollectionViewCell.swift */ = {isa = PBXFileReference; lastKnownFileType = sourcecode.swift; path = BookingsCollectionViewCell.swift; sourceTree = "<group>"; };
		A2416FC229C7C1D70044F8D9 /* RoomsDetailsManager.swift */ = {isa = PBXFileReference; lastKnownFileType = sourcecode.swift; path = RoomsDetailsManager.swift; sourceTree = "<group>"; };
		A2416FC629C7C5DB0044F8D9 /* RoomDetails.swift */ = {isa = PBXFileReference; lastKnownFileType = sourcecode.swift; path = RoomDetails.swift; sourceTree = "<group>"; };
		A2416FC829C993170044F8D9 /* Reservation.swift */ = {isa = PBXFileReference; lastKnownFileType = sourcecode.swift; path = Reservation.swift; sourceTree = "<group>"; };
		A2416FCA29C9BD110044F8D9 /* Roomdetial2.swift */ = {isa = PBXFileReference; lastKnownFileType = sourcecode.swift; path = Roomdetial2.swift; sourceTree = "<group>"; };
		FFE570B529BEFD10009DDB29 /* BoardRooms.app */ = {isa = PBXFileReference; explicitFileType = wrapper.application; includeInIndex = 0; path = BoardRooms.app; sourceTree = BUILT_PRODUCTS_DIR; };
		FFE570B829BEFD10009DDB29 /* AppDelegate.swift */ = {isa = PBXFileReference; lastKnownFileType = sourcecode.swift; path = AppDelegate.swift; sourceTree = "<group>"; };
		FFE570BA29BEFD10009DDB29 /* SceneDelegate.swift */ = {isa = PBXFileReference; lastKnownFileType = sourcecode.swift; path = SceneDelegate.swift; sourceTree = "<group>"; };
		FFE570BC29BEFD10009DDB29 /* ViewController.swift */ = {isa = PBXFileReference; lastKnownFileType = sourcecode.swift; path = ViewController.swift; sourceTree = "<group>"; };
		FFE570BF29BEFD10009DDB29 /* Base */ = {isa = PBXFileReference; lastKnownFileType = file.storyboard; name = Base; path = Base.lproj/Main.storyboard; sourceTree = "<group>"; };
		FFE570C129BEFD11009DDB29 /* Assets.xcassets */ = {isa = PBXFileReference; lastKnownFileType = folder.assetcatalog; path = Assets.xcassets; sourceTree = "<group>"; };
		FFE570C429BEFD11009DDB29 /* Base */ = {isa = PBXFileReference; lastKnownFileType = file.storyboard; name = Base; path = Base.lproj/LaunchScreen.storyboard; sourceTree = "<group>"; };
		FFE570C629BEFD11009DDB29 /* Info.plist */ = {isa = PBXFileReference; lastKnownFileType = text.plist.xml; path = Info.plist; sourceTree = "<group>"; };
/* End PBXFileReference section */

/* Begin PBXFrameworksBuildPhase section */
		FFE570B229BEFD10009DDB29 /* Frameworks */ = {
			isa = PBXFrameworksBuildPhase;
			buildActionMask = 2147483647;
			files = (
			);
			runOnlyForDeploymentPostprocessing = 0;
		};
/* End PBXFrameworksBuildPhase section */

/* Begin PBXGroup section */
		A2416FC429C7C1E30044F8D9 /* Model */ = {
			isa = PBXGroup;
			children = (
				A2416FC229C7C1D70044F8D9 /* RoomsDetailsManager.swift */,
			);
			path = Model;
			sourceTree = "<group>";
		};
		FFE570AC29BEFD10009DDB29 = {
			isa = PBXGroup;
			children = (
				FFE570B729BEFD10009DDB29 /* BoardRooms */,
				FFE570B629BEFD10009DDB29 /* Products */,
			);
			sourceTree = "<group>";
		};
		FFE570B629BEFD10009DDB29 /* Products */ = {
			isa = PBXGroup;
			children = (
				FFE570B529BEFD10009DDB29 /* BoardRooms.app */,
			);
			name = Products;
			sourceTree = "<group>";
		};
		FFE570B729BEFD10009DDB29 /* BoardRooms */ = {
			isa = PBXGroup;
			children = (
				A2416FC429C7C1E30044F8D9 /* Model */,
				FFE570B829BEFD10009DDB29 /* AppDelegate.swift */,
				FFE570BA29BEFD10009DDB29 /* SceneDelegate.swift */,
				FFE570BC29BEFD10009DDB29 /* ViewController.swift */,
				FFE570BE29BEFD10009DDB29 /* Main.storyboard */,
				FFE570C129BEFD11009DDB29 /* Assets.xcassets */,
				FFE570C329BEFD11009DDB29 /* LaunchScreen.storyboard */,
				FFE570C629BEFD11009DDB29 /* Info.plist */,
				A2416FC029C669980044F8D9 /* BookingsCollectionViewCell.swift */,
				A2416FC629C7C5DB0044F8D9 /* RoomDetails.swift */,
				A2416FCA29C9BD110044F8D9 /* Roomdetial2.swift */,
				A2416FC829C993170044F8D9 /* Reservation.swift */,
			);
			path = BoardRooms;
			sourceTree = "<group>";
		};
/* End PBXGroup section */

/* Begin PBXNativeTarget section */
		FFE570B429BEFD10009DDB29 /* BoardRooms */ = {
			isa = PBXNativeTarget;
			buildConfigurationList = FFE570C929BEFD11009DDB29 /* Build configuration list for PBXNativeTarget "BoardRooms" */;
			buildPhases = (
				FFE570B129BEFD10009DDB29 /* Sources */,
				FFE570B229BEFD10009DDB29 /* Frameworks */,
				FFE570B329BEFD10009DDB29 /* Resources */,
			);
			buildRules = (
			);
			dependencies = (
			);
			name = BoardRooms;
			productName = BoardRooms;
			productReference = FFE570B529BEFD10009DDB29 /* BoardRooms.app */;
			productType = "com.apple.product-type.application";
		};
/* End PBXNativeTarget section */

/* Begin PBXProject section */
		FFE570AD29BEFD10009DDB29 /* Project object */ = {
			isa = PBXProject;
			attributes = {
				BuildIndependentTargetsInParallel = 1;
				LastSwiftUpdateCheck = 1420;
				LastUpgradeCheck = 1420;
				TargetAttributes = {
					FFE570B429BEFD10009DDB29 = {
						CreatedOnToolsVersion = 14.2;
					};
				};
			};
			buildConfigurationList = FFE570B029BEFD10009DDB29 /* Build configuration list for PBXProject "BoardRooms" */;
			compatibilityVersion = "Xcode 14.0";
			developmentRegion = en;
			hasScannedForEncodings = 0;
			knownRegions = (
				en,
				Base,
			);
			mainGroup = FFE570AC29BEFD10009DDB29;
			productRefGroup = FFE570B629BEFD10009DDB29 /* Products */;
			projectDirPath = "";
			projectRoot = "";
			targets = (
				FFE570B429BEFD10009DDB29 /* BoardRooms */,
			);
		};
/* End PBXProject section */

/* Begin PBXResourcesBuildPhase section */
		FFE570B329BEFD10009DDB29 /* Resources */ = {
			isa = PBXResourcesBuildPhase;
			buildActionMask = 2147483647;
			files = (
				FFE570C529BEFD11009DDB29 /* LaunchScreen.storyboard in Resources */,
				FFE570C229BEFD11009DDB29 /* Assets.xcassets in Resources */,
				FFE570C029BEFD10009DDB29 /* Main.storyboard in Resources */,
			);
			runOnlyForDeploymentPostprocessing = 0;
		};
/* End PBXResourcesBuildPhase section */

/* Begin PBXSourcesBuildPhase section */
		FFE570B129BEFD10009DDB29 /* Sources */ = {
			isa = PBXSourcesBuildPhase;
			buildActionMask = 2147483647;
			files = (
				A2416FC129C669980044F8D9 /* BookingsCollectionViewCell.swift in Sources */,
				FFE570BD29BEFD10009DDB29 /* ViewController.swift in Sources */,
				FFE570B929BEFD10009DDB29 /* AppDelegate.swift in Sources */,
				A2416FCB29C9BD110044F8D9 /* Roomdetial2.swift in Sources */,
				A2416FC329C7C1D80044F8D9 /* RoomsDetailsManager.swift in Sources */,
				FFE570BB29BEFD10009DDB29 /* SceneDelegate.swift in Sources */,
				A2416FC929C993170044F8D9 /* Reservation.swift in Sources */,
				A2416FC729C7C5DB0044F8D9 /* RoomDetails.swift in Sources */,
			);
			runOnlyForDeploymentPostprocessing = 0;
		};
/* End PBXSourcesBuildPhase section */

/* Begin PBXVariantGroup section */
		FFE570BE29BEFD10009DDB29 /* Main.storyboard */ = {
			isa = PBXVariantGroup;
			children = (
				FFE570BF29BEFD10009DDB29 /* Base */,
			);
			name = Main.storyboard;
			sourceTree = "<group>";
		};
		FFE570C329BEFD11009DDB29 /* LaunchScreen.storyboard */ = {
			isa = PBXVariantGroup;
			children = (
				FFE570C429BEFD11009DDB29 /* Base */,
			);
			name = LaunchScreen.storyboard;
			sourceTree = "<group>";
		};
/* End PBXVariantGroup section */

/* Begin XCBuildConfiguration section */
		FFE570C729BEFD11009DDB29 /* Debug */ = {
			isa = XCBuildConfiguration;
			buildSettings = {
				ALWAYS_SEARCH_USER_PATHS = NO;
				CLANG_ANALYZER_NONNULL = YES;
				CLANG_ANALYZER_NUMBER_OBJECT_CONVERSION = YES_AGGRESSIVE;
				CLANG_CXX_LANGUAGE_STANDARD = "gnu++20";
				CLANG_ENABLE_MODULES = YES;
				CLANG_ENABLE_OBJC_ARC = YES;
				CLANG_ENABLE_OBJC_WEAK = YES;
				CLANG_WARN_BLOCK_CAPTURE_AUTORELEASING = YES;
				CLANG_WARN_BOOL_CONVERSION = YES;
				CLANG_WARN_COMMA = YES;
				CLANG_WARN_CONSTANT_CONVERSION = YES;
				CLANG_WARN_DEPRECATED_OBJC_IMPLEMENTATIONS = YES;
				CLANG_WARN_DIRECT_OBJC_ISA_USAGE = YES_ERROR;
				CLANG_WARN_DOCUMENTATION_COMMENTS = YES;
				CLANG_WARN_EMPTY_BODY = YES;
				CLANG_WARN_ENUM_CONVERSION = YES;
				CLANG_WARN_INFINITE_RECURSION = YES;
				CLANG_WARN_INT_CONVERSION = YES;
				CLANG_WARN_NON_LITERAL_NULL_CONVERSION = YES;
				CLANG_WARN_OBJC_IMPLICIT_RETAIN_SELF = YES;
				CLANG_WARN_OBJC_LITERAL_CONVERSION = YES;
				CLANG_WARN_OBJC_ROOT_CLASS = YES_ERROR;
				CLANG_WARN_QUOTED_INCLUDE_IN_FRAMEWORK_HEADER = YES;
				CLANG_WARN_RANGE_LOOP_ANALYSIS = YES;
				CLANG_WARN_STRICT_PROTOTYPES = YES;
				CLANG_WARN_SUSPICIOUS_MOVE = YES;
				CLANG_WARN_UNGUARDED_AVAILABILITY = YES_AGGRESSIVE;
				CLANG_WARN_UNREACHABLE_CODE = YES;
				CLANG_WARN__DUPLICATE_METHOD_MATCH = YES;
				COPY_PHASE_STRIP = NO;
				DEBUG_INFORMATION_FORMAT = dwarf;
				ENABLE_STRICT_OBJC_MSGSEND = YES;
				ENABLE_TESTABILITY = YES;
				GCC_C_LANGUAGE_STANDARD = gnu11;
				GCC_DYNAMIC_NO_PIC = NO;
				GCC_NO_COMMON_BLOCKS = YES;
				GCC_OPTIMIZATION_LEVEL = 0;
				GCC_PREPROCESSOR_DEFINITIONS = (
					"DEBUG=1",
					"$(inherited)",
				);
				GCC_WARN_64_TO_32_BIT_CONVERSION = YES;
				GCC_WARN_ABOUT_RETURN_TYPE = YES_ERROR;
				GCC_WARN_UNDECLARED_SELECTOR = YES;
				GCC_WARN_UNINITIALIZED_AUTOS = YES_AGGRESSIVE;
				GCC_WARN_UNUSED_FUNCTION = YES;
				GCC_WARN_UNUSED_VARIABLE = YES;
				IPHONEOS_DEPLOYMENT_TARGET = 16.2;
				MTL_ENABLE_DEBUG_INFO = INCLUDE_SOURCE;
				MTL_FAST_MATH = YES;
				ONLY_ACTIVE_ARCH = YES;
				SDKROOT = iphoneos;
				SWIFT_ACTIVE_COMPILATION_CONDITIONS = DEBUG;
				SWIFT_OPTIMIZATION_LEVEL = "-Onone";
			};
			name = Debug;
		};
		FFE570C829BEFD11009DDB29 /* Release */ = {
			isa = XCBuildConfiguration;
			buildSettings = {
				ALWAYS_SEARCH_USER_PATHS = NO;
				CLANG_ANALYZER_NONNULL = YES;
				CLANG_ANALYZER_NUMBER_OBJECT_CONVERSION = YES_AGGRESSIVE;
				CLANG_CXX_LANGUAGE_STANDARD = "gnu++20";
				CLANG_ENABLE_MODULES = YES;
				CLANG_ENABLE_OBJC_ARC = YES;
				CLANG_ENABLE_OBJC_WEAK = YES;
				CLANG_WARN_BLOCK_CAPTURE_AUTORELEASING = YES;
				CLANG_WARN_BOOL_CONVERSION = YES;
				CLANG_WARN_COMMA = YES;
				CLANG_WARN_CONSTANT_CONVERSION = YES;
				CLANG_WARN_DEPRECATED_OBJC_IMPLEMENTATIONS = YES;
				CLANG_WARN_DIRECT_OBJC_ISA_USAGE = YES_ERROR;
				CLANG_WARN_DOCUMENTATION_COMMENTS = YES;
				CLANG_WARN_EMPTY_BODY = YES;
				CLANG_WARN_ENUM_CONVERSION = YES;
				CLANG_WARN_INFINITE_RECURSION = YES;
				CLANG_WARN_INT_CONVERSION = YES;
				CLANG_WARN_NON_LITERAL_NULL_CONVERSION = YES;
				CLANG_WARN_OBJC_IMPLICIT_RETAIN_SELF = YES;
				CLANG_WARN_OBJC_LITERAL_CONVERSION = YES;
				CLANG_WARN_OBJC_ROOT_CLASS = YES_ERROR;
				CLANG_WARN_QUOTED_INCLUDE_IN_FRAMEWORK_HEADER = YES;
				CLANG_WARN_RANGE_LOOP_ANALYSIS = YES;
				CLANG_WARN_STRICT_PROTOTYPES = YES;
				CLANG_WARN_SUSPICIOUS_MOVE = YES;
				CLANG_WARN_UNGUARDED_AVAILABILITY = YES_AGGRESSIVE;
				CLANG_WARN_UNREACHABLE_CODE = YES;
				CLANG_WARN__DUPLICATE_METHOD_MATCH = YES;
				COPY_PHASE_STRIP = NO;
				DEBUG_INFORMATION_FORMAT = "dwarf-with-dsym";
				ENABLE_NS_ASSERTIONS = NO;
				ENABLE_STRICT_OBJC_MSGSEND = YES;
				GCC_C_LANGUAGE_STANDARD = gnu11;
				GCC_NO_COMMON_BLOCKS = YES;
				GCC_WARN_64_TO_32_BIT_CONVERSION = YES;
				GCC_WARN_ABOUT_RETURN_TYPE = YES_ERROR;
				GCC_WARN_UNDECLARED_SELECTOR = YES;
				GCC_WARN_UNINITIALIZED_AUTOS = YES_AGGRESSIVE;
				GCC_WARN_UNUSED_FUNCTION = YES;
				GCC_WARN_UNUSED_VARIABLE = YES;
				IPHONEOS_DEPLOYMENT_TARGET = 16.2;
				MTL_ENABLE_DEBUG_INFO = NO;
				MTL_FAST_MATH = YES;
				SDKROOT = iphoneos;
				SWIFT_COMPILATION_MODE = wholemodule;
				SWIFT_OPTIMIZATION_LEVEL = "-O";
				VALIDATE_PRODUCT = YES;
			};
			name = Release;
		};
		FFE570CA29BEFD11009DDB29 /* Debug */ = {
			isa = XCBuildConfiguration;
			buildSettings = {
				ASSETCATALOG_COMPILER_APPICON_NAME = AppIcon;
				ASSETCATALOG_COMPILER_GLOBAL_ACCENT_COLOR_NAME = AccentColor;
				CODE_SIGN_STYLE = Automatic;
				CURRENT_PROJECT_VERSION = 1;
				DEVELOPMENT_TEAM = 8P4ARXG8LG;
				GENERATE_INFOPLIST_FILE = YES;
				INFOPLIST_FILE = BoardRooms/Info.plist;
				INFOPLIST_KEY_UIApplicationSupportsIndirectInputEvents = YES;
				INFOPLIST_KEY_UILaunchStoryboardName = LaunchScreen;
				INFOPLIST_KEY_UIMainStoryboardFile = Main;
				INFOPLIST_KEY_UISupportedInterfaceOrientations_iPad = "UIInterfaceOrientationPortrait UIInterfaceOrientationPortraitUpsideDown UIInterfaceOrientationLandscapeLeft UIInterfaceOrientationLandscapeRight";
				INFOPLIST_KEY_UISupportedInterfaceOrientations_iPhone = "UIInterfaceOrientationPortrait UIInterfaceOrientationLandscapeLeft UIInterfaceOrientationLandscapeRight";
				LD_RUNPATH_SEARCH_PATHS = (
					"$(inherited)",
					"@executable_path/Frameworks",
				);
				MARKETING_VERSION = 1.0;
				PRODUCT_BUNDLE_IDENTIFIER = hibah.BoardRooms;
				PRODUCT_NAME = "$(TARGET_NAME)";
				SWIFT_EMIT_LOC_STRINGS = YES;
				SWIFT_VERSION = 5.0;
				TARGETED_DEVICE_FAMILY = "1,2";
			};
			name = Debug;
		};
		FFE570CB29BEFD11009DDB29 /* Release */ = {
			isa = XCBuildConfiguration;
			buildSettings = {
				ASSETCATALOG_COMPILER_APPICON_NAME = AppIcon;
				ASSETCATALOG_COMPILER_GLOBAL_ACCENT_COLOR_NAME = AccentColor;
				CODE_SIGN_STYLE = Automatic;
				CURRENT_PROJECT_VERSION = 1;
				DEVELOPMENT_TEAM = 8P4ARXG8LG;
				GENERATE_INFOPLIST_FILE = YES;
				INFOPLIST_FILE = BoardRooms/Info.plist;
				INFOPLIST_KEY_UIApplicationSupportsIndirectInputEvents = YES;
				INFOPLIST_KEY_UILaunchStoryboardName = LaunchScreen;
				INFOPLIST_KEY_UIMainStoryboardFile = Main;
				INFOPLIST_KEY_UISupportedInterfaceOrientations_iPad = "UIInterfaceOrientationPortrait UIInterfaceOrientationPortraitUpsideDown UIInterfaceOrientationLandscapeLeft UIInterfaceOrientationLandscapeRight";
				INFOPLIST_KEY_UISupportedInterfaceOrientations_iPhone = "UIInterfaceOrientationPortrait UIInterfaceOrientationLandscapeLeft UIInterfaceOrientationLandscapeRight";
				LD_RUNPATH_SEARCH_PATHS = (
					"$(inherited)",
					"@executable_path/Frameworks",
				);
				MARKETING_VERSION = 1.0;
				PRODUCT_BUNDLE_IDENTIFIER = hibah.BoardRooms;
				PRODUCT_NAME = "$(TARGET_NAME)";
				SWIFT_EMIT_LOC_STRINGS = YES;
				SWIFT_VERSION = 5.0;
				TARGETED_DEVICE_FAMILY = "1,2";
			};
			name = Release;
		};
/* End XCBuildConfiguration section */

/* Begin XCConfigurationList section */
		FFE570B029BEFD10009DDB29 /* Build configuration list for PBXProject "BoardRooms" */ = {
			isa = XCConfigurationList;
			buildConfigurations = (
				FFE570C729BEFD11009DDB29 /* Debug */,
				FFE570C829BEFD11009DDB29 /* Release */,
			);
			defaultConfigurationIsVisible = 0;
			defaultConfigurationName = Release;
		};
		FFE570C929BEFD11009DDB29 /* Build configuration list for PBXNativeTarget "BoardRooms" */ = {
			isa = XCConfigurationList;
			buildConfigurations = (
				FFE570CA29BEFD11009DDB29 /* Debug */,
				FFE570CB29BEFD11009DDB29 /* Release */,
			);
			defaultConfigurationIsVisible = 0;
			defaultConfigurationName = Release;
		};
/* End XCConfigurationList section */
	};
	rootObject = FFE570AD29BEFD10009DDB29 /* Project object */;
}
